
Microsoft Visual Studio Solution File, Format Version 12.00
# Visual Studio Version 16
VisualStudioVersion = 16.0.29102.190
MinimumVisualStudioVersion = 10.0.40219.1
Project("{FAE04EC0-301F-11D3-BF4B-00C04F79EFBC}") = "DOGA", "DOGA\DOGA.csproj", "{7AFB01D5-3399-4A11-8C0E-ACDEF4F5A9B2}"
EndProject
Global
	GlobalSection(SolutionConfigurationPlatforms) = preSolution
		Debug|Any CPU = Debug|Any CPU
		Release|Any CPU = Release|Any CPU
	EndGlobalSection
	GlobalSection(ProjectConfigurationPlatforms) = postSolution
		{7AFB01D5-3399-4A11-8C0E-ACDEF4F5A9B2}.Debug|Any CPU.ActiveCfg = Debug|Any CPU
		{7AFB01D5-3399-4A11-8C0E-ACDEF4F5A9B2}.Debug|Any CPU.Build.0 = Debug|Any CPU
		{7AFB01D5-3399-4A11-8C0E-ACDEF4F5A9B2}.Release|Any CPU.ActiveCfg = Release|Any CPU
		{7AFB01D5-3399-4A11-8C0E-ACDEF4F5A9B2}.Release|Any CPU.Build.0 = Release|Any CPU
	EndGlobalSection
	GlobalSection(SolutionProperties) = preSolution
		HideSolutionNode = FALSE
	EndGlobalSection
	GlobalSection(ExtensibilityGlobals) = postSolution
		SolutionGuid = {C1EBED0A-A08B-424B-942E-82434FB873D4}
	EndGlobalSection
EndGlobal
